// !$*UTF8*$!
{
	archiveVersion = 1;
	classes = {
	};
	objectVersion = 46;
	objects = {

/* Begin PBXBuildFile section */
		BFA1A1B41B73EDCC005BA26C /* bench.c in Sources */ = {isa = PBXBuildFile; fileRef = BFA1A1B21B73EDCC005BA26C /* bench.c */; };
		BFA1A1B71B73EDEA005BA26C /* libowf.dylib in Frameworks */ = {isa = PBXBuildFile; fileRef = BFA1A1B61B73EDEA005BA26C /* libowf.dylib */; };
/* End PBXBuildFile section */

/* Begin PBXCopyFilesBuildPhase section */
		BFA1A1961B73EDA6005BA26C /* CopyFiles */ = {
			isa = PBXCopyFilesBuildPhase;
			buildActionMask = 2147483647;
			dstPath = /usr/share/man/man1/;
			dstSubfolderSpec = 0;
			files = (
			);
			runOnlyForDeploymentPostprocessing = 1;
		};
/* End PBXCopyFilesBuildPhase section */

/* Begin PBXFileReference section */
		BFA1A1981B73EDA6005BA26C /* libowf-bench */ = {isa = PBXFileReference; explicitFileType = "compiled.mach-o.executable"; includeInIndex = 0; path = "libowf-bench"; sourceTree = BUILT_PRODUCTS_DIR; };
		BFA1A1B21B73EDCC005BA26C /* bench.c */ = {isa = PBXFileReference; fileEncoding = 4; lastKnownFileType = sourcecode.c.c; path = bench.c; sourceTree = "<group>"; };
		BFA1A1B61B73EDEA005BA26C /* libowf.dylib */ = {isa = PBXFileReference; lastKnownFileType = "compiled.mach-o.dylib"; name = libowf.dylib; path = "../../../../../Users/numinit/Library/Developer/Xcode/DerivedData/libowf-esjcfbibspwtnfbhttejcurhrcrl/Build/Products/Debug/libowf.dylib"; sourceTree = "<group>"; };
/* End PBXFileReference section */

/* Begin PBXFrameworksBuildPhase section */
		BFA1A1951B73EDA6005BA26C /* Frameworks */ = {
			isa = PBXFrameworksBuildPhase;
			buildActionMask = 2147483647;
			files = (
				BFA1A1B71B73EDEA005BA26C /* libowf.dylib in Frameworks */,
			);
			runOnlyForDeploymentPostprocessing = 0;
		};
/* End PBXFrameworksBuildPhase section */

/* Begin PBXGroup section */
		BFA1A18F1B73EDA6005BA26C = {
			isa = PBXGroup;
			children = (
				BFA1A1B61B73EDEA005BA26C /* libowf.dylib */,
				BFA1A1B01B73EDCC005BA26C /* bench */,
				BFA1A1991B73EDA6005BA26C /* Products */,
			);
			sourceTree = "<group>";
		};
		BFA1A1991B73EDA6005BA26C /* Products */ = {
			isa = PBXGroup;
			children = (
				BFA1A1981B73EDA6005BA26C /* libowf-bench */,
			);
			name = Products;
			sourceTree = "<group>";
		};
		BFA1A1B01B73EDCC005BA26C /* bench */ = {
			isa = PBXGroup;
			children = (
				BFA1A1B21B73EDCC005BA26C /* bench.c */,
			);
			name = bench;
			path = ../bench;
			sourceTree = "<group>";
		};
/* End PBXGroup section */

/* Begin PBXNativeTarget section */
		BFA1A1971B73EDA6005BA26C /* libowf-bench */ = {
			isa = PBXNativeTarget;
			buildConfigurationList = BFA1A19F1B73EDA6005BA26C /* Build configuration list for PBXNativeTarget "libowf-bench" */;
			buildPhases = (
				BFA1A1941B73EDA6005BA26C /* Sources */,
				BFA1A1951B73EDA6005BA26C /* Frameworks */,
				BFA1A1961B73EDA6005BA26C /* CopyFiles */,
			);
			buildRules = (
			);
			dependencies = (
			);
			name = "libowf-bench";
			productName = "libowf-bench";
			productReference = BFA1A1981B73EDA6005BA26C /* libowf-bench */;
			productType = "com.apple.product-type.tool";
		};
/* End PBXNativeTarget section */

/* Begin PBXProject section */
		BFA1A1901B73EDA6005BA26C /* Project object */ = {
			isa = PBXProject;
			attributes = {
				LastUpgradeCheck = 0640;
				ORGANIZATIONNAME = "Medical Informatics Corp";
				TargetAttributes = {
					BFA1A1971B73EDA6005BA26C = {
						CreatedOnToolsVersion = 6.4;
					};
				};
			};
			buildConfigurationList = BFA1A1931B73EDA6005BA26C /* Build configuration list for PBXProject "libowf-bench" */;
			compatibilityVersion = "Xcode 3.2";
			developmentRegion = English;
			hasScannedForEncodings = 0;
			knownRegions = (
				en,
			);
			mainGroup = BFA1A18F1B73EDA6005BA26C;
			productRefGroup = BFA1A1991B73EDA6005BA26C /* Products */;
			projectDirPath = "";
			projectRoot = "";
			targets = (
				BFA1A1971B73EDA6005BA26C /* libowf-bench */,
			);
		};
/* End PBXProject section */

/* Begin PBXSourcesBuildPhase section */
		BFA1A1941B73EDA6005BA26C /* Sources */ = {
			isa = PBXSourcesBuildPhase;
			buildActionMask = 2147483647;
			files = (
				BFA1A1B41B73EDCC005BA26C /* bench.c in Sources */,
			);
			runOnlyForDeploymentPostprocessing = 0;
		};
/* End PBXSourcesBuildPhase section */

/* Begin XCBuildConfiguration section */
		BFA1A19D1B73EDA6005BA26C /* Debug */ = {
			isa = XCBuildConfiguration;
			buildSettings = {
				ALWAYS_SEARCH_USER_PATHS = NO;
				CLANG_CXX_LANGUAGE_STANDARD = "gnu++0x";
				CLANG_CXX_LIBRARY = "libc++";
				CLANG_ENABLE_MODULES = YES;
				CLANG_ENABLE_OBJC_ARC = YES;
				CLANG_WARN_BOOL_CONVERSION = YES;
				CLANG_WARN_CONSTANT_CONVERSION = YES;
				CLANG_WARN_DIRECT_OBJC_ISA_USAGE = YES_ERROR;
				CLANG_WARN_EMPTY_BODY = YES;
				CLANG_WARN_ENUM_CONVERSION = YES;
				CLANG_WARN_INT_CONVERSION = YES;
				CLANG_WARN_OBJC_ROOT_CLASS = YES_ERROR;
				CLANG_WARN_UNREACHABLE_CODE = YES;
				CLANG_WARN__DUPLICATE_METHOD_MATCH = YES;
				COPY_PHASE_STRIP = NO;
				DEBUG_INFORMATION_FORMAT = dwarf;
				ENABLE_STRICT_OBJC_MSGSEND = YES;
				GCC_C_LANGUAGE_STANDARD = gnu99;
				GCC_DYNAMIC_NO_PIC = NO;
				GCC_NO_COMMON_BLOCKS = YES;
				GCC_OPTIMIZATION_LEVEL = 0;
				GCC_PREPROCESSOR_DEFINITIONS = (
					"DEBUG=1",
					"$(inherited)",
				);
				GCC_SYMBOLS_PRIVATE_EXTERN = NO;
				GCC_WARN_64_TO_32_BIT_CONVERSION = YES;
				GCC_WARN_ABOUT_RETURN_TYPE = YES_ERROR;
				GCC_WARN_UNDECLARED_SELECTOR = YES;
				GCC_WARN_UNINITIALIZED_AUTOS = YES_AGGRESSIVE;
				GCC_WARN_UNUSED_FUNCTION = YES;
				GCC_WARN_UNUSED_VARIABLE = YES;
				HEADER_SEARCH_PATHS = (
					"$(inherited)",
					/Applications/Xcode.app/Contents/Developer/Toolchains/XcodeDefault.xctoolchain/usr/include,
					"$(PROJECT_DIR)/../include",
				);
				MACOSX_DEPLOYMENT_TARGET = 10.10;
				MTL_ENABLE_DEBUG_INFO = YES;
				ONLY_ACTIVE_ARCH = YES;
				SDKROOT = macosx;
			};
			name = Debug;
		};
		BFA1A19E1B73EDA6005BA26C /* Release */ = {
			isa = XCBuildConfiguration;
			buildSettings = {
				ALWAYS_SEARCH_USER_PATHS = NO;
				CLANG_CXX_LANGUAGE_STANDARD = "gnu++0x";
				CLANG_CXX_LIBRARY = "libc++";
				CLANG_ENABLE_MODULES = YES;
				CLANG_ENABLE_OBJC_ARC = YES;
				CLANG_WARN_BOOL_CONVERSION = YES;
				CLANG_WARN_CONSTANT_CONVERSION = YES;
				CLANG_WARN_DIRECT_OBJC_ISA_USAGE = YES_ERROR;
				CLANG_WARN_EMPTY_BODY = YES;
				CLANG_WARN_ENUM_CONVERSION = YES;
				CLANG_WARN_INT_CONVERSION = YES;
				CLANG_WARN_OBJC_ROOT_CLASS = YES_ERROR;
				CLANG_WARN_UNREACHABLE_CODE = YES;
				CLANG_WARN__DUPLICATE_METHOD_MATCH = YES;
				COPY_PHASE_STRIP = NO;
				DEBUG_INFORMATION_FORMAT = "dwarf-with-dsym";
				ENABLE_NS_ASSERTIONS = NO;
				ENABLE_STRICT_OBJC_MSGSEND = YES;
				GCC_C_LANGUAGE_STANDARD = gnu99;
				GCC_NO_COMMON_BLOCKS = YES;
				GCC_WARN_64_TO_32_BIT_CONVERSION = YES;
				GCC_WARN_ABOUT_RETURN_TYPE = YES_ERROR;
				GCC_WARN_UNDECLARED_SELECTOR = YES;
				GCC_WARN_UNINITIALIZED_AUTOS = YES_AGGRESSIVE;
				GCC_WARN_UNUSED_FUNCTION = YES;
				GCC_WARN_UNUSED_VARIABLE = YES;
				HEADER_SEARCH_PATHS = (
					"$(inherited)",
					/Applications/Xcode.app/Contents/Developer/Toolchains/XcodeDefault.xctoolchain/usr/include,
					"$(PROJECT_DIR)/../include",
				);
				MACOSX_DEPLOYMENT_TARGET = 10.10;
				MTL_ENABLE_DEBUG_INFO = NO;
				SDKROOT = macosx;
			};
			name = Release;
		};
		BFA1A1A01B73EDA6005BA26C /* Debug */ = {
			isa = XCBuildConfiguration;
			buildSettings = {
				LIBRARY_SEARCH_PATHS = (
					"$(inherited)",
					"$(USER_LIBRARY_DIR)/Developer/Xcode/DerivedData/libowf-esjcfbibspwtnfbhttejcurhrcrl/Build/Products/Debug",
				);
				PRODUCT_NAME = "$(TARGET_NAME)";
			};
			name = Debug;
		};
		BFA1A1A11B73EDA6005BA26C /* Release */ = {
			isa = XCBuildConfiguration;
			buildSettings = {
				LIBRARY_SEARCH_PATHS = (
					"$(inherited)",
					"$(USER_LIBRARY_DIR)/Developer/Xcode/DerivedData/libowf-esjcfbibspwtnfbhttejcurhrcrl/Build/Products/Debug",
				);
				PRODUCT_NAME = "$(TARGET_NAME)";
			};
			name = Release;
		};
/* End XCBuildConfiguration section */

/* Begin XCConfigurationList section */
		BFA1A1931B73EDA6005BA26C /* Build configuration list for PBXProject "libowf-bench" */ = {
			isa = XCConfigurationList;
			buildConfigurations = (
				BFA1A19D1B73EDA6005BA26C /* Debug */,
				BFA1A19E1B73EDA6005BA26C /* Release */,
			);
			defaultConfigurationIsVisible = 0;
			defaultConfigurationName = Release;
		};
		BFA1A19F1B73EDA6005BA26C /* Build configuration list for PBXNativeTarget "libowf-bench" */ = {
			isa = XCConfigurationList;
			buildConfigurations = (
				BFA1A1A01B73EDA6005BA26C /* Debug */,
				BFA1A1A11B73EDA6005BA26C /* Release */,
			);
			defaultConfigurationIsVisible = 0;
			defaultConfigurationName = Release;
		};
/* End XCConfigurationList section */
	};
	rootObject = BFA1A1901B73EDA6005BA26C /* Project object */;
}
