<?xml version="1.0" encoding="utf-8"?>
<Project ToolsVersion="4.0" xmlns="http://schemas.microsoft.com/developer/msbuild/2003">
  <ItemGroup>
    <Filter Include="Source Files">
      <UniqueIdentifier>{4FC737F1-C7A5-4376-A066-2A32D752A2FF}</UniqueIdentifier>
      <Extensions>cpp;c;cc;cxx;def;odl;idl;hpj;bat;asm;asmx</Extensions>
    </Filter>
    <Filter Include="Header Files">
      <UniqueIdentifier>{93995380-89BD-4b04-88EB-625FBE52EBFB}</UniqueIdentifier>
      <Extensions>h;hh;hpp;hxx;hm;inl;inc;xsd</Extensions>
    </Filter>
    <Filter Include="Resource Files">
      <UniqueIdentifier>{67DA6AB6-F800-4c08-8B7A-83BB121AAD01}</UniqueIdentifier>
      <Extensions>rc;ico;cur;bmp;dlg;rc2;rct;bin;rgs;gif;jpg;jpeg;jpe;resx;tiff;tif;png;wav</Extensions>
    </Filter>
    <Filter Include="Header Files\owf">
      <UniqueIdentifier>{3cfabf96-1478-4f3f-a4ed-6e90e032551a}</UniqueIdentifier>
    </Filter>
    <Filter Include="Source Files\owf">
      <UniqueIdentifier>{924cf77a-e022-4803-9317-58893983b80c}</UniqueIdentifier>
    </Filter>
    <Filter Include="Header Files\owf\reader">
      <UniqueIdentifier>{b76b50f9-8519-4485-ad7f-089adb0dc14a}</UniqueIdentifier>
    </Filter>
    <Filter Include="Source Files\owf\reader">
      <UniqueIdentifier>{a7c4de33-caad-496a-bbd1-abd5eae8073c}</UniqueIdentifier>
    </Filter>
    <Filter Include="Header Files\owf\writer">
      <UniqueIdentifier>{8337a4e3-c240-4e87-a620-5e29d6797ef9}</UniqueIdentifier>
    </Filter>
    <Filter Include="Source Files\owf\writer">
      <UniqueIdentifier>{71bb6aaa-2f60-4a8a-8caa-4ccb2f795435}</UniqueIdentifier>
    </Filter>
  </ItemGroup>
  <ItemGroup>
    <ClCompile Include="..\src\owf\reader.c">
      <Filter>Source Files\owf</Filter>
    </ClCompile>
    <ClCompile Include="..\src\owf\platform.c">
      <Filter>Source Files\owf</Filter>
    </ClCompile>
    <ClCompile Include="..\src\owf\alloc.c">
      <Filter>Source Files\owf</Filter>
    </ClCompile>
    <ClCompile Include="..\src\owf\arith.c">
      <Filter>Source Files\owf</Filter>
    </ClCompile>
    <ClCompile Include="..\src\owf\types.c">
      <Filter>Source Files\owf</Filter>
    </ClCompile>
    <ClCompile Include="..\src\owf\writer.c">
      <Filter>Source Files\owf</Filter>
    </ClCompile>
    <ClCompile Include="..\src\owf\reader\binary_reader.c">
      <Filter>Source Files\owf\reader</Filter>
    </ClCompile>
    <ClCompile Include="..\src\owf\writer\binary_writer.c">
      <Filter>Source Files\owf\writer</Filter>
    </ClCompile>
    <ClCompile Include="..\src\owf\version.c">
      <Filter>Source Files\owf</Filter>
    </ClCompile>
    <ClCompile Include="..\src\owf\error.c">
      <Filter>Source Files\owf</Filter>
    </ClCompile>
  </ItemGroup>
  <ItemGroup>
    <ClInclude Include="..\include\owf.h">
      <Filter>Header Files</Filter>
    </ClInclude>
    <ClInclude Include="..\include\owf\reader.h">
      <Filter>Header Files\owf</Filter>
    </ClInclude>
    <ClInclude Include="..\include\owf\platform.h">
      <Filter>Header Files\owf</Filter>
    </ClInclude>
    <ClInclude Include="..\include\owf\version.h">
      <Filter>Header Files\owf</Filter>
    </ClInclude>
    <ClInclude Include="..\include\owf\alloc.h">
      <Filter>Header Files\owf</Filter>
    </ClInclude>
    <ClInclude Include="..\include\owf\arith.h">
      <Filter>Header Files\owf</Filter>
    </ClInclude>
    <ClInclude Include="..\include\owf\error.h">
      <Filter>Header Files\owf</Filter>
    </ClInclude>
    <ClInclude Include="..\include\owf\types.h">
      <Filter>Header Files\owf</Filter>
    </ClInclude>
    <ClInclude Include="..\include\owf\writer.h">
      <Filter>Header Files\owf</Filter>
    </ClInclude>
    <ClInclude Include="..\include\owf\reader\binary.h">
      <Filter>Header Files\owf\reader</Filter>
    </ClInclude>
    <ClInclude Include="..\include\owf\writer\binary.h">
      <Filter>Header Files\owf\writer</Filter>
    </ClInclude>
  </ItemGroup>
</Project>